
Microsoft Visual Studio Solution File, Format Version 12.00
# Visual Studio 15
VisualStudioVersion = 15.0.27703.1
MinimumVisualStudioVersion = 10.0.40219.1
Project("{888888A0-9F3D-457C-B088-3A5042F75D52}") = "lat_long", "lat_long.py\lat_long.pyproj", "{929C82DB-914A-4356-9171-42CCD35394A4}"
EndProject
Global
	GlobalSection(SolutionConfigurationPlatforms) = preSolution
		Debug|Any CPU = Debug|Any CPU
		Release|Any CPU = Release|Any CPU
	EndGlobalSection
	GlobalSection(ProjectConfigurationPlatforms) = postSolution
		{929C82DB-914A-4356-9171-42CCD35394A4}.Debug|Any CPU.ActiveCfg = Debug|Any CPU
		{929C82DB-914A-4356-9171-42CCD35394A4}.Release|Any CPU.ActiveCfg = Release|Any CPU
	EndGlobalSection
	GlobalSection(SolutionProperties) = preSolution
		HideSolutionNode = FALSE
	EndGlobalSection
	GlobalSection(ExtensibilityGlobals) = postSolution
		SolutionGuid = {B097F9E3-D520-447E-835B-E09EF5C2F567}
	EndGlobalSection
EndGlobal
